
Microsoft Visual Studio Solution File, Format Version 12.00
# Visual Studio Version 17
VisualStudioVersion = 17.6.33723.286
MinimumVisualStudioVersion = 10.0.40219.1
Project("{FAE04EC0-301F-11D3-BF4B-00C04F79EFBC}") = "SampleNuGet", "SampleNuGet\SampleNuGet.csproj", "{13B019CF-7362-4415-ABEA-474164F2B7D8}"
EndProject
Global
	GlobalSection(SolutionConfigurationPlatforms) = preSolution
		Debug|Any CPU = Debug|Any CPU
		Release|Any CPU = Release|Any CPU
	EndGlobalSection
	GlobalSection(ProjectConfigurationPlatforms) = postSolution
		{13B019CF-7362-4415-ABEA-474164F2B7D8}.Debug|Any CPU.ActiveCfg = Debug|Any CPU
		{13B019CF-7362-4415-ABEA-474164F2B7D8}.Debug|Any CPU.Build.0 = Debug|Any CPU
		{13B019CF-7362-4415-ABEA-474164F2B7D8}.Release|Any CPU.ActiveCfg = Release|Any CPU
		{13B019CF-7362-4415-ABEA-474164F2B7D8}.Release|Any CPU.Build.0 = Release|Any CPU
	EndGlobalSection
	GlobalSection(SolutionProperties) = preSolution
		HideSolutionNode = FALSE
	EndGlobalSection
	GlobalSection(ExtensibilityGlobals) = postSolution
		SolutionGuid = {47E72C17-0F5C-4597-BEAB-20FA14EE54C9}
	EndGlobalSection
EndGlobal
